
Microsoft Visual Studio Solution File, Format Version 12.00
# Visual Studio Version 17
VisualStudioVersion = 17.9.34622.214
MinimumVisualStudioVersion = 10.0.40219.1
Project("{FAE04EC0-301F-11D3-BF4B-00C04F79EFBC}") = "CustomerTrackingAdoNet", "CustomerTrackingAdoNet.csproj", "{39D365F0-904B-469F-AD2D-EF753F1158DA}"
EndProject
Global
	GlobalSection(SolutionConfigurationPlatforms) = preSolution
		Debug|Any CPU = Debug|Any CPU
		Release|Any CPU = Release|Any CPU
	EndGlobalSection
	GlobalSection(ProjectConfigurationPlatforms) = postSolution
		{39D365F0-904B-469F-AD2D-EF753F1158DA}.Debug|Any CPU.ActiveCfg = Debug|Any CPU
		{39D365F0-904B-469F-AD2D-EF753F1158DA}.Debug|Any CPU.Build.0 = Debug|Any CPU
		{39D365F0-904B-469F-AD2D-EF753F1158DA}.Release|Any CPU.ActiveCfg = Release|Any CPU
		{39D365F0-904B-469F-AD2D-EF753F1158DA}.Release|Any CPU.Build.0 = Release|Any CPU
	EndGlobalSection
	GlobalSection(SolutionProperties) = preSolution
		HideSolutionNode = FALSE
	EndGlobalSection
	GlobalSection(ExtensibilityGlobals) = postSolution
		SolutionGuid = {001CEC1C-0B88-458D-B54C-BE73897DF02D}
	EndGlobalSection
EndGlobal
